
Microsoft Visual Studio Solution File, Format Version 12.00
# Visual Studio Version 17
VisualStudioVersion = 17.3.32901.215
MinimumVisualStudioVersion = 10.0.40219.1
Project("{FAE04EC0-301F-11D3-BF4B-00C04F79EFBC}") = "EPOS_Tools", "EPOS_Tools\EPOS_Tools.csproj", "{7B71612C-492D-4161-A3BE-2C6C56B64CE2}"
EndProject
Global
	GlobalSection(SolutionConfigurationPlatforms) = preSolution
		Debug|Any CPU = Debug|Any CPU
		Release|Any CPU = Release|Any CPU
	EndGlobalSection
	GlobalSection(ProjectConfigurationPlatforms) = postSolution
		{7B71612C-492D-4161-A3BE-2C6C56B64CE2}.Debug|Any CPU.ActiveCfg = Debug|Any CPU
		{7B71612C-492D-4161-A3BE-2C6C56B64CE2}.Debug|Any CPU.Build.0 = Debug|Any CPU
		{7B71612C-492D-4161-A3BE-2C6C56B64CE2}.Release|Any CPU.ActiveCfg = Release|Any CPU
		{7B71612C-492D-4161-A3BE-2C6C56B64CE2}.Release|Any CPU.Build.0 = Release|Any CPU
	EndGlobalSection
	GlobalSection(SolutionProperties) = preSolution
		HideSolutionNode = FALSE
	EndGlobalSection
	GlobalSection(ExtensibilityGlobals) = postSolution
		SolutionGuid = {C7225D6E-089D-4FA8-BE58-32B911ED50A6}
	EndGlobalSection
EndGlobal
